
Microsoft Visual Studio Solution File, Format Version 12.00
# Visual Studio Version 16
VisualStudioVersion = 16.0.29926.136
MinimumVisualStudioVersion = 10.0.40219.1
Project("{FAE04EC0-301F-11D3-BF4B-00C04F79EFBC}") = "Progress", "Progress\Progress.csproj", "{1C7CD13B-11F0-4797-AFB8-39F1478F0451}"
EndProject
Project("{FAE04EC0-301F-11D3-BF4B-00C04F79EFBC}") = "Models", "Models\Models.csproj", "{C03EDCB3-58D8-4481-B159-B1507159F224}"
EndProject
Global
	GlobalSection(SolutionConfigurationPlatforms) = preSolution
		Debug|Any CPU = Debug|Any CPU
		Release|Any CPU = Release|Any CPU
	EndGlobalSection
	GlobalSection(ProjectConfigurationPlatforms) = postSolution
		{1C7CD13B-11F0-4797-AFB8-39F1478F0451}.Debug|Any CPU.ActiveCfg = Debug|Any CPU
		{1C7CD13B-11F0-4797-AFB8-39F1478F0451}.Debug|Any CPU.Build.0 = Debug|Any CPU
		{1C7CD13B-11F0-4797-AFB8-39F1478F0451}.Release|Any CPU.ActiveCfg = Release|Any CPU
		{1C7CD13B-11F0-4797-AFB8-39F1478F0451}.Release|Any CPU.Build.0 = Release|Any CPU
		{C03EDCB3-58D8-4481-B159-B1507159F224}.Debug|Any CPU.ActiveCfg = Debug|Any CPU
		{C03EDCB3-58D8-4481-B159-B1507159F224}.Debug|Any CPU.Build.0 = Debug|Any CPU
		{C03EDCB3-58D8-4481-B159-B1507159F224}.Release|Any CPU.ActiveCfg = Release|Any CPU
		{C03EDCB3-58D8-4481-B159-B1507159F224}.Release|Any CPU.Build.0 = Release|Any CPU
	EndGlobalSection
	GlobalSection(SolutionProperties) = preSolution
		HideSolutionNode = FALSE
	EndGlobalSection
	GlobalSection(ExtensibilityGlobals) = postSolution
		SolutionGuid = {7D28DA1F-9E5C-4CB0-A771-6086D45577F2}
	EndGlobalSection
EndGlobal
